
Microsoft Visual Studio Solution File, Format Version 12.00
# Visual Studio Version 17
VisualStudioVersion = 17.5.002.0
MinimumVisualStudioVersion = 10.0.40219.1
Project("{9A19103F-16F7-4668-BE54-9A1E7A4F7556}") = "FinanceManagerApi", "FinanceManagerApi.csproj", "{20E49DD3-0738-4E3D-A04B-BEBE4A93D3D5}"
EndProject
Global
	GlobalSection(SolutionConfigurationPlatforms) = preSolution
		Debug|Any CPU = Debug|Any CPU
		Release|Any CPU = Release|Any CPU
	EndGlobalSection
	GlobalSection(ProjectConfigurationPlatforms) = postSolution
		{20E49DD3-0738-4E3D-A04B-BEBE4A93D3D5}.Debug|Any CPU.ActiveCfg = Debug|Any CPU
		{20E49DD3-0738-4E3D-A04B-BEBE4A93D3D5}.Debug|Any CPU.Build.0 = Debug|Any CPU
		{20E49DD3-0738-4E3D-A04B-BEBE4A93D3D5}.Release|Any CPU.ActiveCfg = Release|Any CPU
		{20E49DD3-0738-4E3D-A04B-BEBE4A93D3D5}.Release|Any CPU.Build.0 = Release|Any CPU
	EndGlobalSection
	GlobalSection(SolutionProperties) = preSolution
		HideSolutionNode = FALSE
	EndGlobalSection
	GlobalSection(ExtensibilityGlobals) = postSolution
		SolutionGuid = {307AFFF0-366C-43E1-9065-D595BC26ED53}
	EndGlobalSection
EndGlobal
